{
  "version": 4,
  "terraform_version": "1.4.2",
  "serial": 3,
  "lineage": "0e0265c3-7044-f48f-97df-4498d800bf53",
  "outputs": {},
  "resources": [
    {
      "mode": "managed",
      "type": "local_file",
      "name": "file-block",
      "provider": "provider[\"registry.terraform.io/hashicorp/local\"]",
      "instances": [
        {
          "schema_version": 0,
          "attributes": {
            "content": "Hello World",
            "content_base64": null,
            "content_base64sha256": "pZGm1Av0IEBKARczz7exkNYsZb8LzaMrV7J32a2fFG4=",
            "content_base64sha512": "LHT9F+2v2A6ER7DUZ0HuJDt+t03SFJoKsbkkb7MDgvJ+hT2FhXGeDmfL2g2qj1FnEGRhXWRa4nrLFb+xRH9Fmw==",
            "content_md5": "b10a8db164e0754105b7a99be72e3fe5",
            "content_sha1": "0a4d55a8d778e5022fab701977c5d840bbc486d0",
            "content_sha256": "a591a6d40bf420404a011733cfb7b190d62c65bf0bcda32b57b277d9ad9f146e",
            "content_sha512": "2c74fd17edafd80e8447b0d46741ee243b7eb74dd2149a0ab1b9246fb30382f27e853d8585719e0e67cbda0daa8f51671064615d645ae27acb15bfb1447f459b",
            "directory_permission": "0777",
            "file_permission": "0777",
            "filename": "hello.py",
            "id": "0a4d55a8d778e5022fab701977c5d840bbc486d0",
            "sensitive_content": null,
            "source": null
          },
          "sensitive_attributes": []
        }
      ]
    },
    {
      "mode": "managed",
      "type": "local_file",
      "name": "file-block1",
      "provider": "provider[\"registry.terraform.io/hashicorp/local\"]",
      "instances": [
        {
          "schema_version": 0,
          "attributes": {
            "content": "Hello world",
            "content_base64": null,
            "content_base64sha256": "ZOyIygCyaOW6GjVnihtTFtIS9PNmskdyMlNKiuyjfzw=",
            "content_base64sha512": "t/eDuu2Cl/DbkXRiGE/08I5pwtXl95qUJgD5cl9Yzh8pwYE5v4CwbA//K900c4RS7PQMSIwip+PYDN9vnBwNRw==",
            "content_md5": "3e25960a79dbc69b674cd4ec67a72c62",
            "content_sha1": "7b502c3a1f48c8609ae212cdfb639dee39673f5e",
            "content_sha256": "64ec88ca00b268e5ba1a35678a1b5316d212f4f366b2477232534a8aeca37f3c",
            "content_sha512": "b7f783baed8297f0db917462184ff4f08e69c2d5e5f79a942600f9725f58ce1f29c18139bf80b06c0fff2bdd34738452ecf40c488c22a7e3d80cdf6f9c1c0d47",
            "directory_permission": "0777",
            "file_permission": "0777",
            "filename": "hello1.py",
            "id": "7b502c3a1f48c8609ae212cdfb639dee39673f5e",
            "sensitive_content": null,
            "source": null
          },
          "sensitive_attributes": []
        }
      ]
    }
  ],
  "check_results": null
}
